// !$*UTF8*$!
{
	archiveVersion = 1;
	classes = {
	};
	objectVersion = 50;
	objects = {

/* Begin PBXBuildFile section */
		FF62AA042372150400C41B6C /* AppDelegate.swift in Sources */ = {isa = PBXBuildFile; fileRef = FF62AA032372150400C41B6C /* AppDelegate.swift */; };
		FF62AA062372150400C41B6C /* SceneDelegate.swift in Sources */ = {isa = PBXBuildFile; fileRef = FF62AA052372150400C41B6C /* SceneDelegate.swift */; };
		FF62AA082372150400C41B6C /* ContentView.swift in Sources */ = {isa = PBXBuildFile; fileRef = FF62AA072372150400C41B6C /* ContentView.swift */; };
		FF62AA0A2372150500C41B6C /* Assets.xcassets in Resources */ = {isa = PBXBuildFile; fileRef = FF62AA092372150500C41B6C /* Assets.xcassets */; };
		FF62AA0D2372150500C41B6C /* Preview Assets.xcassets in Resources */ = {isa = PBXBuildFile; fileRef = FF62AA0C2372150500C41B6C /* Preview Assets.xcassets */; };
		FF62AA102372150500C41B6C /* LaunchScreen.storyboard in Resources */ = {isa = PBXBuildFile; fileRef = FF62AA0E2372150500C41B6C /* LaunchScreen.storyboard */; };
		FF62AA182372256300C41B6C /* RemoteCommand.swift in Sources */ = {isa = PBXBuildFile; fileRef = FF62AA172372256300C41B6C /* RemoteCommand.swift */; };
		FF62AA1A237227F900C41B6C /* Remote.swift in Sources */ = {isa = PBXBuildFile; fileRef = FF62AA19237227F900C41B6C /* Remote.swift */; };
		FF62AA222372388C00C41B6C /* Settings.bundle in Resources */ = {isa = PBXBuildFile; fileRef = FF62AA212372388C00C41B6C /* Settings.bundle */; };
/* End PBXBuildFile section */

/* Begin PBXFileReference section */
		FF62AA002372150400C41B6C /* Remote.app */ = {isa = PBXFileReference; explicitFileType = wrapper.application; includeInIndex = 0; path = Remote.app; sourceTree = BUILT_PRODUCTS_DIR; };
		FF62AA032372150400C41B6C /* AppDelegate.swift */ = {isa = PBXFileReference; lastKnownFileType = sourcecode.swift; path = AppDelegate.swift; sourceTree = "<group>"; };
		FF62AA052372150400C41B6C /* SceneDelegate.swift */ = {isa = PBXFileReference; lastKnownFileType = sourcecode.swift; path = SceneDelegate.swift; sourceTree = "<group>"; };
		FF62AA072372150400C41B6C /* ContentView.swift */ = {isa = PBXFileReference; lastKnownFileType = sourcecode.swift; path = ContentView.swift; sourceTree = "<group>"; };
		FF62AA092372150500C41B6C /* Assets.xcassets */ = {isa = PBXFileReference; lastKnownFileType = folder.assetcatalog; path = Assets.xcassets; sourceTree = "<group>"; };
		FF62AA0C2372150500C41B6C /* Preview Assets.xcassets */ = {isa = PBXFileReference; lastKnownFileType = folder.assetcatalog; path = "Preview Assets.xcassets"; sourceTree = "<group>"; };
		FF62AA0F2372150500C41B6C /* Base */ = {isa = PBXFileReference; lastKnownFileType = file.storyboard; name = Base; path = Base.lproj/LaunchScreen.storyboard; sourceTree = "<group>"; };
		FF62AA112372150500C41B6C /* Info.plist */ = {isa = PBXFileReference; lastKnownFileType = text.plist.xml; path = Info.plist; sourceTree = "<group>"; };
		FF62AA172372256300C41B6C /* RemoteCommand.swift */ = {isa = PBXFileReference; lastKnownFileType = sourcecode.swift; path = RemoteCommand.swift; sourceTree = "<group>"; };
		FF62AA19237227F900C41B6C /* Remote.swift */ = {isa = PBXFileReference; lastKnownFileType = sourcecode.swift; path = Remote.swift; sourceTree = "<group>"; };
		FF62AA212372388C00C41B6C /* Settings.bundle */ = {isa = PBXFileReference; lastKnownFileType = "wrapper.plug-in"; path = Settings.bundle; sourceTree = "<group>"; };
/* End PBXFileReference section */

/* Begin PBXFrameworksBuildPhase section */
		FF62A9FD2372150400C41B6C /* Frameworks */ = {
			isa = PBXFrameworksBuildPhase;
			buildActionMask = 2147483647;
			files = (
			);
			runOnlyForDeploymentPostprocessing = 0;
		};
/* End PBXFrameworksBuildPhase section */

/* Begin PBXGroup section */
		FF62A9F72372150300C41B6C = {
			isa = PBXGroup;
			children = (
				FF62AA022372150400C41B6C /* Remote */,
				FF62AA012372150400C41B6C /* Products */,
			);
			sourceTree = "<group>";
		};
		FF62AA012372150400C41B6C /* Products */ = {
			isa = PBXGroup;
			children = (
				FF62AA002372150400C41B6C /* Remote.app */,
			);
			name = Products;
			sourceTree = "<group>";
		};
		FF62AA022372150400C41B6C /* Remote */ = {
			isa = PBXGroup;
			children = (
				FF62AA032372150400C41B6C /* AppDelegate.swift */,
				FF62AA052372150400C41B6C /* SceneDelegate.swift */,
				FF62AA072372150400C41B6C /* ContentView.swift */,
				FF62AA092372150500C41B6C /* Assets.xcassets */,
				FF62AA0E2372150500C41B6C /* LaunchScreen.storyboard */,
				FF62AA112372150500C41B6C /* Info.plist */,
				FF62AA0B2372150500C41B6C /* Preview Content */,
				FF62AA172372256300C41B6C /* RemoteCommand.swift */,
				FF62AA19237227F900C41B6C /* Remote.swift */,
				FF62AA212372388C00C41B6C /* Settings.bundle */,
			);
			path = Remote;
			sourceTree = "<group>";
		};
		FF62AA0B2372150500C41B6C /* Preview Content */ = {
			isa = PBXGroup;
			children = (
				FF62AA0C2372150500C41B6C /* Preview Assets.xcassets */,
			);
			path = "Preview Content";
			sourceTree = "<group>";
		};
/* End PBXGroup section */

/* Begin PBXNativeTarget section */
		FF62A9FF2372150400C41B6C /* Remote */ = {
			isa = PBXNativeTarget;
			buildConfigurationList = FF62AA142372150500C41B6C /* Build configuration list for PBXNativeTarget "Remote" */;
			buildPhases = (
				FF62A9FC2372150400C41B6C /* Sources */,
				FF62A9FD2372150400C41B6C /* Frameworks */,
				FF62A9FE2372150400C41B6C /* Resources */,
			);
			buildRules = (
			);
			dependencies = (
			);
			name = Remote;
			productName = Remote;
			productReference = FF62AA002372150400C41B6C /* Remote.app */;
			productType = "com.apple.product-type.application";
		};
/* End PBXNativeTarget section */

/* Begin PBXProject section */
		FF62A9F82372150300C41B6C /* Project object */ = {
			isa = PBXProject;
			attributes = {
				LastSwiftUpdateCheck = 1120;
				LastUpgradeCheck = 1120;
				ORGANIZATIONNAME = "Klaus Meyer";
				TargetAttributes = {
					FF62A9FF2372150400C41B6C = {
						CreatedOnToolsVersion = 11.2;
					};
				};
			};
			buildConfigurationList = FF62A9FB2372150300C41B6C /* Build configuration list for PBXProject "Remote" */;
			compatibilityVersion = "Xcode 9.3";
			developmentRegion = en;
			hasScannedForEncodings = 0;
			knownRegions = (
				en,
				Base,
			);
			mainGroup = FF62A9F72372150300C41B6C;
			productRefGroup = FF62AA012372150400C41B6C /* Products */;
			projectDirPath = "";
			projectRoot = "";
			targets = (
				FF62A9FF2372150400C41B6C /* Remote */,
			);
		};
/* End PBXProject section */

/* Begin PBXResourcesBuildPhase section */
		FF62A9FE2372150400C41B6C /* Resources */ = {
			isa = PBXResourcesBuildPhase;
			buildActionMask = 2147483647;
			files = (
				FF62AA222372388C00C41B6C /* Settings.bundle in Resources */,
				FF62AA102372150500C41B6C /* LaunchScreen.storyboard in Resources */,
				FF62AA0D2372150500C41B6C /* Preview Assets.xcassets in Resources */,
				FF62AA0A2372150500C41B6C /* Assets.xcassets in Resources */,
			);
			runOnlyForDeploymentPostprocessing = 0;
		};
/* End PBXResourcesBuildPhase section */

/* Begin PBXSourcesBuildPhase section */
		FF62A9FC2372150400C41B6C /* Sources */ = {
			isa = PBXSourcesBuildPhase;
			buildActionMask = 2147483647;
			files = (
				FF62AA1A237227F900C41B6C /* Remote.swift in Sources */,
				FF62AA042372150400C41B6C /* AppDelegate.swift in Sources */,
				FF62AA182372256300C41B6C /* RemoteCommand.swift in Sources */,
				FF62AA062372150400C41B6C /* SceneDelegate.swift in Sources */,
				FF62AA082372150400C41B6C /* ContentView.swift in Sources */,
			);
			runOnlyForDeploymentPostprocessing = 0;
		};
/* End PBXSourcesBuildPhase section */

/* Begin PBXVariantGroup section */
		FF62AA0E2372150500C41B6C /* LaunchScreen.storyboard */ = {
			isa = PBXVariantGroup;
			children = (
				FF62AA0F2372150500C41B6C /* Base */,
			);
			name = LaunchScreen.storyboard;
			sourceTree = "<group>";
		};
/* End PBXVariantGroup section */

/* Begin XCBuildConfiguration section */
		FF62AA122372150500C41B6C /* Debug */ = {
			isa = XCBuildConfiguration;
			buildSettings = {
				ALWAYS_SEARCH_USER_PATHS = NO;
				CLANG_ANALYZER_NONNULL = YES;
				CLANG_ANALYZER_NUMBER_OBJECT_CONVERSION = YES_AGGRESSIVE;
				CLANG_CXX_LANGUAGE_STANDARD = "gnu++14";
				CLANG_CXX_LIBRARY = "libc++";
				CLANG_ENABLE_MODULES = YES;
				CLANG_ENABLE_OBJC_ARC = YES;
				CLANG_ENABLE_OBJC_WEAK = YES;
				CLANG_WARN_BLOCK_CAPTURE_AUTORELEASING = YES;
				CLANG_WARN_BOOL_CONVERSION = YES;
				CLANG_WARN_COMMA = YES;
				CLANG_WARN_CONSTANT_CONVERSION = YES;
				CLANG_WARN_DEPRECATED_OBJC_IMPLEMENTATIONS = YES;
				CLANG_WARN_DIRECT_OBJC_ISA_USAGE = YES_ERROR;
				CLANG_WARN_DOCUMENTATION_COMMENTS = YES;
				CLANG_WARN_EMPTY_BODY = YES;
				CLANG_WARN_ENUM_CONVERSION = YES;
				CLANG_WARN_INFINITE_RECURSION = YES;
				CLANG_WARN_INT_CONVERSION = YES;
				CLANG_WARN_NON_LITERAL_NULL_CONVERSION = YES;
				CLANG_WARN_OBJC_IMPLICIT_RETAIN_SELF = YES;
				CLANG_WARN_OBJC_LITERAL_CONVERSION = YES;
				CLANG_WARN_OBJC_ROOT_CLASS = YES_ERROR;
				CLANG_WARN_RANGE_LOOP_ANALYSIS = YES;
				CLANG_WARN_STRICT_PROTOTYPES = YES;
				CLANG_WARN_SUSPICIOUS_MOVE = YES;
				CLANG_WARN_UNGUARDED_AVAILABILITY = YES_AGGRESSIVE;
				CLANG_WARN_UNREACHABLE_CODE = YES;
				CLANG_WARN__DUPLICATE_METHOD_MATCH = YES;
				COPY_PHASE_STRIP = NO;
				DEBUG_INFORMATION_FORMAT = dwarf;
				ENABLE_STRICT_OBJC_MSGSEND = YES;
				ENABLE_TESTABILITY = YES;
				GCC_C_LANGUAGE_STANDARD = gnu11;
				GCC_DYNAMIC_NO_PIC = NO;
				GCC_NO_COMMON_BLOCKS = YES;
				GCC_OPTIMIZATION_LEVEL = 0;
				GCC_PREPROCESSOR_DEFINITIONS = (
					"DEBUG=1",
					"$(inherited)",
				);
				GCC_WARN_64_TO_32_BIT_CONVERSION = YES;
				GCC_WARN_ABOUT_RETURN_TYPE = YES_ERROR;
				GCC_WARN_UNDECLARED_SELECTOR = YES;
				GCC_WARN_UNINITIALIZED_AUTOS = YES_AGGRESSIVE;
				GCC_WARN_UNUSED_FUNCTION = YES;
				GCC_WARN_UNUSED_VARIABLE = YES;
				IPHONEOS_DEPLOYMENT_TARGET = 13.2;
				MTL_ENABLE_DEBUG_INFO = INCLUDE_SOURCE;
				MTL_FAST_MATH = YES;
				ONLY_ACTIVE_ARCH = YES;
				SDKROOT = iphoneos;
				SWIFT_ACTIVE_COMPILATION_CONDITIONS = DEBUG;
				SWIFT_OPTIMIZATION_LEVEL = "-Onone";
			};
			name = Debug;
		};
		FF62AA132372150500C41B6C /* Release */ = {
			isa = XCBuildConfiguration;
			buildSettings = {
				ALWAYS_SEARCH_USER_PATHS = NO;
				CLANG_ANALYZER_NONNULL = YES;
				CLANG_ANALYZER_NUMBER_OBJECT_CONVERSION = YES_AGGRESSIVE;
				CLANG_CXX_LANGUAGE_STANDARD = "gnu++14";
				CLANG_CXX_LIBRARY = "libc++";
				CLANG_ENABLE_MODULES = YES;
				CLANG_ENABLE_OBJC_ARC = YES;
				CLANG_ENABLE_OBJC_WEAK = YES;
				CLANG_WARN_BLOCK_CAPTURE_AUTORELEASING = YES;
				CLANG_WARN_BOOL_CONVERSION = YES;
				CLANG_WARN_COMMA = YES;
				CLANG_WARN_CONSTANT_CONVERSION = YES;
				CLANG_WARN_DEPRECATED_OBJC_IMPLEMENTATIONS = YES;
				CLANG_WARN_DIRECT_OBJC_ISA_USAGE = YES_ERROR;
				CLANG_WARN_DOCUMENTATION_COMMENTS = YES;
				CLANG_WARN_EMPTY_BODY = YES;
				CLANG_WARN_ENUM_CONVERSION = YES;
				CLANG_WARN_INFINITE_RECURSION = YES;
				CLANG_WARN_INT_CONVERSION = YES;
				CLANG_WARN_NON_LITERAL_NULL_CONVERSION = YES;
				CLANG_WARN_OBJC_IMPLICIT_RETAIN_SELF = YES;
				CLANG_WARN_OBJC_LITERAL_CONVERSION = YES;
				CLANG_WARN_OBJC_ROOT_CLASS = YES_ERROR;
				CLANG_WARN_RANGE_LOOP_ANALYSIS = YES;
				CLANG_WARN_STRICT_PROTOTYPES = YES;
				CLANG_WARN_SUSPICIOUS_MOVE = YES;
				CLANG_WARN_UNGUARDED_AVAILABILITY = YES_AGGRESSIVE;
				CLANG_WARN_UNREACHABLE_CODE = YES;
				CLANG_WARN__DUPLICATE_METHOD_MATCH = YES;
				COPY_PHASE_STRIP = NO;
				DEBUG_INFORMATION_FORMAT = "dwarf-with-dsym";
				ENABLE_NS_ASSERTIONS = NO;
				ENABLE_STRICT_OBJC_MSGSEND = YES;
				GCC_C_LANGUAGE_STANDARD = gnu11;
				GCC_NO_COMMON_BLOCKS = YES;
				GCC_WARN_64_TO_32_BIT_CONVERSION = YES;
				GCC_WARN_ABOUT_RETURN_TYPE = YES_ERROR;
				GCC_WARN_UNDECLARED_SELECTOR = YES;
				GCC_WARN_UNINITIALIZED_AUTOS = YES_AGGRESSIVE;
				GCC_WARN_UNUSED_FUNCTION = YES;
				GCC_WARN_UNUSED_VARIABLE = YES;
				IPHONEOS_DEPLOYMENT_TARGET = 13.2;
				MTL_ENABLE_DEBUG_INFO = NO;
				MTL_FAST_MATH = YES;
				SDKROOT = iphoneos;
				SWIFT_COMPILATION_MODE = wholemodule;
				SWIFT_OPTIMIZATION_LEVEL = "-O";
				VALIDATE_PRODUCT = YES;
			};
			name = Release;
		};
		FF62AA152372150500C41B6C /* Debug */ = {
			isa = XCBuildConfiguration;
			buildSettings = {
				ASSETCATALOG_COMPILER_APPICON_NAME = AppIcon;
				CODE_SIGN_STYLE = Automatic;
				DEVELOPMENT_ASSET_PATHS = "\"Remote/Preview Content\"";
				DEVELOPMENT_TEAM = SY3TANP24T;
				ENABLE_PREVIEWS = YES;
				INFOPLIST_FILE = Remote/Info.plist;
				LD_RUNPATH_SEARCH_PATHS = (
					"$(inherited)",
					"@executable_path/Frameworks",
				);
				PRODUCT_BUNDLE_IDENTIFIER = "net.klaus-meyer.Remote";
				PRODUCT_NAME = "$(TARGET_NAME)";
				SWIFT_VERSION = 5.0;
				TARGETED_DEVICE_FAMILY = 1;
			};
			name = Debug;
		};
		FF62AA162372150500C41B6C /* Release */ = {
			isa = XCBuildConfiguration;
			buildSettings = {
				ASSETCATALOG_COMPILER_APPICON_NAME = AppIcon;
				CODE_SIGN_STYLE = Automatic;
				DEVELOPMENT_ASSET_PATHS = "\"Remote/Preview Content\"";
				DEVELOPMENT_TEAM = SY3TANP24T;
				ENABLE_PREVIEWS = YES;
				INFOPLIST_FILE = Remote/Info.plist;
				LD_RUNPATH_SEARCH_PATHS = (
					"$(inherited)",
					"@executable_path/Frameworks",
				);
				PRODUCT_BUNDLE_IDENTIFIER = "net.klaus-meyer.Remote";
				PRODUCT_NAME = "$(TARGET_NAME)";
				SWIFT_VERSION = 5.0;
				TARGETED_DEVICE_FAMILY = 1;
			};
			name = Release;
		};
/* End XCBuildConfiguration section */

/* Begin XCConfigurationList section */
		FF62A9FB2372150300C41B6C /* Build configuration list for PBXProject "Remote" */ = {
			isa = XCConfigurationList;
			buildConfigurations = (
				FF62AA122372150500C41B6C /* Debug */,
				FF62AA132372150500C41B6C /* Release */,
			);
			defaultConfigurationIsVisible = 0;
			defaultConfigurationName = Release;
		};
		FF62AA142372150500C41B6C /* Build configuration list for PBXNativeTarget "Remote" */ = {
			isa = XCConfigurationList;
			buildConfigurations = (
				FF62AA152372150500C41B6C /* Debug */,
				FF62AA162372150500C41B6C /* Release */,
			);
			defaultConfigurationIsVisible = 0;
			defaultConfigurationName = Release;
		};
/* End XCConfigurationList section */
	};
	rootObject = FF62A9F82372150300C41B6C /* Project object */;
}
